
Microsoft Visual Studio Solution File, Format Version 12.00
# Visual Studio Version 16
VisualStudioVersion = 16.0.30804.86
MinimumVisualStudioVersion = 10.0.40219.1
Project("{FAE04EC0-301F-11D3-BF4B-00C04F79EFBC}") = "AspProject.Api", "AspProject.Api\AspProject.Api.csproj", "{33E069CA-37F3-42F8-B8C4-AAC8343BA1D8}"
EndProject
Project("{FAE04EC0-301F-11D3-BF4B-00C04F79EFBC}") = "AspProject.Application", "AspProject.Application\AspProject.Application.csproj", "{32FD61DA-F980-429E-8955-34A404A760E8}"
EndProject
Project("{FAE04EC0-301F-11D3-BF4B-00C04F79EFBC}") = "AspProject.Domain", "AspProject.Domain\AspProject.Domain.csproj", "{3FA5A98C-D551-4D45-886E-FA6F25DA3ACE}"
EndProject
Project("{FAE04EC0-301F-11D3-BF4B-00C04F79EFBC}") = "AspProject.DataAccess", "AspProject.DataAccess\AspProject.DataAccess.csproj", "{B930F6C5-D7CF-4948-B139-9693811BB52B}"
EndProject
Project("{FAE04EC0-301F-11D3-BF4B-00C04F79EFBC}") = "AspProject.Implementation", "AspProject.Implementation\AspProject.Implementation.csproj", "{6AA10539-757C-48B2-93B2-98CDC15D0099}"
EndProject
Global
	GlobalSection(SolutionConfigurationPlatforms) = preSolution
		Debug|Any CPU = Debug|Any CPU
		Release|Any CPU = Release|Any CPU
	EndGlobalSection
	GlobalSection(ProjectConfigurationPlatforms) = postSolution
		{33E069CA-37F3-42F8-B8C4-AAC8343BA1D8}.Debug|Any CPU.ActiveCfg = Debug|Any CPU
		{33E069CA-37F3-42F8-B8C4-AAC8343BA1D8}.Debug|Any CPU.Build.0 = Debug|Any CPU
		{33E069CA-37F3-42F8-B8C4-AAC8343BA1D8}.Release|Any CPU.ActiveCfg = Release|Any CPU
		{33E069CA-37F3-42F8-B8C4-AAC8343BA1D8}.Release|Any CPU.Build.0 = Release|Any CPU
		{32FD61DA-F980-429E-8955-34A404A760E8}.Debug|Any CPU.ActiveCfg = Debug|Any CPU
		{32FD61DA-F980-429E-8955-34A404A760E8}.Debug|Any CPU.Build.0 = Debug|Any CPU
		{32FD61DA-F980-429E-8955-34A404A760E8}.Release|Any CPU.ActiveCfg = Release|Any CPU
		{32FD61DA-F980-429E-8955-34A404A760E8}.Release|Any CPU.Build.0 = Release|Any CPU
		{3FA5A98C-D551-4D45-886E-FA6F25DA3ACE}.Debug|Any CPU.ActiveCfg = Debug|Any CPU
		{3FA5A98C-D551-4D45-886E-FA6F25DA3ACE}.Debug|Any CPU.Build.0 = Debug|Any CPU
		{3FA5A98C-D551-4D45-886E-FA6F25DA3ACE}.Release|Any CPU.ActiveCfg = Release|Any CPU
		{3FA5A98C-D551-4D45-886E-FA6F25DA3ACE}.Release|Any CPU.Build.0 = Release|Any CPU
		{B930F6C5-D7CF-4948-B139-9693811BB52B}.Debug|Any CPU.ActiveCfg = Debug|Any CPU
		{B930F6C5-D7CF-4948-B139-9693811BB52B}.Debug|Any CPU.Build.0 = Debug|Any CPU
		{B930F6C5-D7CF-4948-B139-9693811BB52B}.Release|Any CPU.ActiveCfg = Release|Any CPU
		{B930F6C5-D7CF-4948-B139-9693811BB52B}.Release|Any CPU.Build.0 = Release|Any CPU
		{6AA10539-757C-48B2-93B2-98CDC15D0099}.Debug|Any CPU.ActiveCfg = Debug|Any CPU
		{6AA10539-757C-48B2-93B2-98CDC15D0099}.Debug|Any CPU.Build.0 = Debug|Any CPU
		{6AA10539-757C-48B2-93B2-98CDC15D0099}.Release|Any CPU.ActiveCfg = Release|Any CPU
		{6AA10539-757C-48B2-93B2-98CDC15D0099}.Release|Any CPU.Build.0 = Release|Any CPU
	EndGlobalSection
	GlobalSection(SolutionProperties) = preSolution
		HideSolutionNode = FALSE
	EndGlobalSection
	GlobalSection(ExtensibilityGlobals) = postSolution
		SolutionGuid = {82FABF0F-E6F8-4B62-A419-930D9BE41A40}
	EndGlobalSection
EndGlobal
